
Microsoft Visual Studio Solution File, Format Version 12.00
# Visual Studio Version 16
VisualStudioVersion = 16.0.30804.86
MinimumVisualStudioVersion = 10.0.40219.1
Project("{9A19103F-16F7-4668-BE54-9A1E7A4F7556}") = "Sussex.Lhcra.Roci.Viewer.Domain", "Sussex.Lhcra.Roci.Viewer.Domain\Sussex.Lhcra.Roci.Viewer.Domain.csproj", "{35B15858-8AED-4A58-8E46-629D12F29F60}"
EndProject
Project("{9A19103F-16F7-4668-BE54-9A1E7A4F7556}") = "Sussex.Lhcra.Roci.Viewer.UI", "Sussex.Lhcra.Roci.Viewer.UI\Sussex.Lhcra.Roci.Viewer.UI.csproj", "{5EE871D0-7542-4B7E-B0AA-E2691665DEC4}"
EndProject
Project("{9A19103F-16F7-4668-BE54-9A1E7A4F7556}") = "Sussex.Lhcra.Roci.Viewer.DataServices", "Sussex.Lhcra.Roci.Viewer.DataServices\Sussex.Lhcra.Roci.Viewer.DataServices.csproj", "{9380EBBB-44DF-4A6B-9E58-7A08691305F8}"
EndProject
Project("{2150E333-8FDC-42A3-9474-1A3956D46DE8}") = "Solution Items", "Solution Items", "{93C65B22-53CD-4918-8109-C3244CDE0444}"
	ProjectSection(SolutionItems) = preProject
		Sussex.Lhcra.Roci.Viewer.UI\Dockerfile = Sussex.Lhcra.Roci.Viewer.UI\Dockerfile
		..\Sussex.Lhcra.Common.Logging\Nuget.Config = ..\Sussex.Lhcra.Common.Logging\Nuget.Config
	EndProjectSection
EndProject
Project("{FAE04EC0-301F-11D3-BF4B-00C04F79EFBC}") = "Sussex.Lhcra.Roci.Viewer.Services", "Sussex.Lhcra.Roci.Viewer.Services\Sussex.Lhcra.Roci.Viewer.Services.csproj", "{C7E923F1-83FA-4FE3-A720-58A80B209E93}"
EndProject
Global
	GlobalSection(SolutionConfigurationPlatforms) = preSolution
		Debug|Any CPU = Debug|Any CPU
		Release|Any CPU = Release|Any CPU
	EndGlobalSection
	GlobalSection(ProjectConfigurationPlatforms) = postSolution
		{35B15858-8AED-4A58-8E46-629D12F29F60}.Debug|Any CPU.ActiveCfg = Debug|Any CPU
		{35B15858-8AED-4A58-8E46-629D12F29F60}.Debug|Any CPU.Build.0 = Debug|Any CPU
		{35B15858-8AED-4A58-8E46-629D12F29F60}.Release|Any CPU.ActiveCfg = Release|Any CPU
		{35B15858-8AED-4A58-8E46-629D12F29F60}.Release|Any CPU.Build.0 = Release|Any CPU
		{5EE871D0-7542-4B7E-B0AA-E2691665DEC4}.Debug|Any CPU.ActiveCfg = Debug|Any CPU
		{5EE871D0-7542-4B7E-B0AA-E2691665DEC4}.Debug|Any CPU.Build.0 = Debug|Any CPU
		{5EE871D0-7542-4B7E-B0AA-E2691665DEC4}.Release|Any CPU.ActiveCfg = Release|Any CPU
		{5EE871D0-7542-4B7E-B0AA-E2691665DEC4}.Release|Any CPU.Build.0 = Release|Any CPU
		{9380EBBB-44DF-4A6B-9E58-7A08691305F8}.Debug|Any CPU.ActiveCfg = Debug|Any CPU
		{9380EBBB-44DF-4A6B-9E58-7A08691305F8}.Debug|Any CPU.Build.0 = Debug|Any CPU
		{9380EBBB-44DF-4A6B-9E58-7A08691305F8}.Release|Any CPU.ActiveCfg = Release|Any CPU
		{9380EBBB-44DF-4A6B-9E58-7A08691305F8}.Release|Any CPU.Build.0 = Release|Any CPU
		{C7E923F1-83FA-4FE3-A720-58A80B209E93}.Debug|Any CPU.ActiveCfg = Debug|Any CPU
		{C7E923F1-83FA-4FE3-A720-58A80B209E93}.Debug|Any CPU.Build.0 = Debug|Any CPU
		{C7E923F1-83FA-4FE3-A720-58A80B209E93}.Release|Any CPU.ActiveCfg = Release|Any CPU
		{C7E923F1-83FA-4FE3-A720-58A80B209E93}.Release|Any CPU.Build.0 = Release|Any CPU
	EndGlobalSection
	GlobalSection(SolutionProperties) = preSolution
		HideSolutionNode = FALSE
	EndGlobalSection
	GlobalSection(ExtensibilityGlobals) = postSolution
		SolutionGuid = {544C1962-397F-47A5-97BA-FF1655C10C9A}
	EndGlobalSection
EndGlobal
